// !$*UTF8*$!
{
	archiveVersion = 1;
	classes = {
	};
	objectVersion = 50;
	objects = {

/* Begin PBXBuildFile section */
		F9828233217F5F50004C8539 /* AppDelegate.swift in Sources */ = {isa = PBXBuildFile; fileRef = F9828232217F5F50004C8539 /* AppDelegate.swift */; };
		F9828235217F5F50004C8539 /* AlgorithmViewController.swift in Sources */ = {isa = PBXBuildFile; fileRef = F9828234217F5F50004C8539 /* AlgorithmViewController.swift */; };
		F9828238217F5F50004C8539 /* Main.storyboard in Resources */ = {isa = PBXBuildFile; fileRef = F9828236217F5F50004C8539 /* Main.storyboard */; };
		F982823A217F5F52004C8539 /* Assets.xcassets in Resources */ = {isa = PBXBuildFile; fileRef = F9828239217F5F52004C8539 /* Assets.xcassets */; };
		F982823D217F5F52004C8539 /* LaunchScreen.storyboard in Resources */ = {isa = PBXBuildFile; fileRef = F982823B217F5F52004C8539 /* LaunchScreen.storyboard */; };
/* End PBXBuildFile section */

/* Begin PBXFileReference section */
		F982822F217F5F50004C8539 /* GuillermoAlgorithm.app */ = {isa = PBXFileReference; explicitFileType = wrapper.application; includeInIndex = 0; path = GuillermoAlgorithm.app; sourceTree = BUILT_PRODUCTS_DIR; };
		F9828232217F5F50004C8539 /* AppDelegate.swift */ = {isa = PBXFileReference; lastKnownFileType = sourcecode.swift; path = AppDelegate.swift; sourceTree = "<group>"; };
		F9828234217F5F50004C8539 /* AlgorithmViewController.swift */ = {isa = PBXFileReference; lastKnownFileType = sourcecode.swift; path = AlgorithmViewController.swift; sourceTree = "<group>"; };
		F9828237217F5F50004C8539 /* Base */ = {isa = PBXFileReference; lastKnownFileType = file.storyboard; name = Base; path = Base.lproj/Main.storyboard; sourceTree = "<group>"; };
		F9828239217F5F52004C8539 /* Assets.xcassets */ = {isa = PBXFileReference; lastKnownFileType = folder.assetcatalog; path = Assets.xcassets; sourceTree = "<group>"; };
		F982823C217F5F52004C8539 /* Base */ = {isa = PBXFileReference; lastKnownFileType = file.storyboard; name = Base; path = Base.lproj/LaunchScreen.storyboard; sourceTree = "<group>"; };
		F982823E217F5F52004C8539 /* Info.plist */ = {isa = PBXFileReference; lastKnownFileType = text.plist.xml; path = Info.plist; sourceTree = "<group>"; };
/* End PBXFileReference section */

/* Begin PBXFrameworksBuildPhase section */
		F982822C217F5F50004C8539 /* Frameworks */ = {
			isa = PBXFrameworksBuildPhase;
			buildActionMask = 2147483647;
			files = (
			);
			runOnlyForDeploymentPostprocessing = 0;
		};
/* End PBXFrameworksBuildPhase section */

/* Begin PBXGroup section */
		F9828226217F5F50004C8539 = {
			isa = PBXGroup;
			children = (
				F9828231217F5F50004C8539 /* GuillermoAlgorithm */,
				F9828230217F5F50004C8539 /* Products */,
			);
			sourceTree = "<group>";
		};
		F9828230217F5F50004C8539 /* Products */ = {
			isa = PBXGroup;
			children = (
				F982822F217F5F50004C8539 /* GuillermoAlgorithm.app */,
			);
			name = Products;
			sourceTree = "<group>";
		};
		F9828231217F5F50004C8539 /* GuillermoAlgorithm */ = {
			isa = PBXGroup;
			children = (
				F9828244217F5F6D004C8539 /* Resources */,
				F9828245217F5F78004C8539 /* Controller */,
				F9828246217F5F82004C8539 /* View */,
			);
			path = GuillermoAlgorithm;
			sourceTree = "<group>";
		};
		F9828244217F5F6D004C8539 /* Resources */ = {
			isa = PBXGroup;
			children = (
				F9828232217F5F50004C8539 /* AppDelegate.swift */,
				F9828239217F5F52004C8539 /* Assets.xcassets */,
				F982823E217F5F52004C8539 /* Info.plist */,
			);
			path = Resources;
			sourceTree = "<group>";
		};
		F9828245217F5F78004C8539 /* Controller */ = {
			isa = PBXGroup;
			children = (
				F9828234217F5F50004C8539 /* AlgorithmViewController.swift */,
			);
			path = Controller;
			sourceTree = "<group>";
		};
		F9828246217F5F82004C8539 /* View */ = {
			isa = PBXGroup;
			children = (
				F9828236217F5F50004C8539 /* Main.storyboard */,
				F982823B217F5F52004C8539 /* LaunchScreen.storyboard */,
			);
			path = View;
			sourceTree = "<group>";
		};
/* End PBXGroup section */

/* Begin PBXNativeTarget section */
		F982822E217F5F50004C8539 /* GuillermoAlgorithm */ = {
			isa = PBXNativeTarget;
			buildConfigurationList = F9828241217F5F52004C8539 /* Build configuration list for PBXNativeTarget "GuillermoAlgorithm" */;
			buildPhases = (
				F982822B217F5F50004C8539 /* Sources */,
				F982822C217F5F50004C8539 /* Frameworks */,
				F982822D217F5F50004C8539 /* Resources */,
			);
			buildRules = (
			);
			dependencies = (
			);
			name = GuillermoAlgorithm;
			productName = GuillermoAlgorithm;
			productReference = F982822F217F5F50004C8539 /* GuillermoAlgorithm.app */;
			productType = "com.apple.product-type.application";
		};
/* End PBXNativeTarget section */

/* Begin PBXProject section */
		F9828227217F5F50004C8539 /* Project object */ = {
			isa = PBXProject;
			attributes = {
				LastSwiftUpdateCheck = 0940;
				LastUpgradeCheck = 0940;
				ORGANIZATIONNAME = ctec;
				TargetAttributes = {
					F982822E217F5F50004C8539 = {
						CreatedOnToolsVersion = 9.4.1;
					};
				};
			};
			buildConfigurationList = F982822A217F5F50004C8539 /* Build configuration list for PBXProject "GuillermoAlgorithm" */;
			compatibilityVersion = "Xcode 9.3";
			developmentRegion = en;
			hasScannedForEncodings = 0;
			knownRegions = (
				en,
				Base,
			);
			mainGroup = F9828226217F5F50004C8539;
			productRefGroup = F9828230217F5F50004C8539 /* Products */;
			projectDirPath = "";
			projectRoot = "";
			targets = (
				F982822E217F5F50004C8539 /* GuillermoAlgorithm */,
			);
		};
/* End PBXProject section */

/* Begin PBXResourcesBuildPhase section */
		F982822D217F5F50004C8539 /* Resources */ = {
			isa = PBXResourcesBuildPhase;
			buildActionMask = 2147483647;
			files = (
				F982823D217F5F52004C8539 /* LaunchScreen.storyboard in Resources */,
				F982823A217F5F52004C8539 /* Assets.xcassets in Resources */,
				F9828238217F5F50004C8539 /* Main.storyboard in Resources */,
			);
			runOnlyForDeploymentPostprocessing = 0;
		};
/* End PBXResourcesBuildPhase section */

/* Begin PBXSourcesBuildPhase section */
		F982822B217F5F50004C8539 /* Sources */ = {
			isa = PBXSourcesBuildPhase;
			buildActionMask = 2147483647;
			files = (
				F9828235217F5F50004C8539 /* AlgorithmViewController.swift in Sources */,
				F9828233217F5F50004C8539 /* AppDelegate.swift in Sources */,
			);
			runOnlyForDeploymentPostprocessing = 0;
		};
/* End PBXSourcesBuildPhase section */

/* Begin PBXVariantGroup section */
		F9828236217F5F50004C8539 /* Main.storyboard */ = {
			isa = PBXVariantGroup;
			children = (
				F9828237217F5F50004C8539 /* Base */,
			);
			name = Main.storyboard;
			sourceTree = "<group>";
		};
		F982823B217F5F52004C8539 /* LaunchScreen.storyboard */ = {
			isa = PBXVariantGroup;
			children = (
				F982823C217F5F52004C8539 /* Base */,
			);
			name = LaunchScreen.storyboard;
			sourceTree = "<group>";
		};
/* End PBXVariantGroup section */

/* Begin XCBuildConfiguration section */
		F982823F217F5F52004C8539 /* Debug */ = {
			isa = XCBuildConfiguration;
			buildSettings = {
				ALWAYS_SEARCH_USER_PATHS = NO;
				CLANG_ANALYZER_NONNULL = YES;
				CLANG_ANALYZER_NUMBER_OBJECT_CONVERSION = YES_AGGRESSIVE;
				CLANG_CXX_LANGUAGE_STANDARD = "gnu++14";
				CLANG_CXX_LIBRARY = "libc++";
				CLANG_ENABLE_MODULES = YES;
				CLANG_ENABLE_OBJC_ARC = YES;
				CLANG_ENABLE_OBJC_WEAK = YES;
				CLANG_WARN_BLOCK_CAPTURE_AUTORELEASING = YES;
				CLANG_WARN_BOOL_CONVERSION = YES;
				CLANG_WARN_COMMA = YES;
				CLANG_WARN_CONSTANT_CONVERSION = YES;
				CLANG_WARN_DEPRECATED_OBJC_IMPLEMENTATIONS = YES;
				CLANG_WARN_DIRECT_OBJC_ISA_USAGE = YES_ERROR;
				CLANG_WARN_DOCUMENTATION_COMMENTS = YES;
				CLANG_WARN_EMPTY_BODY = YES;
				CLANG_WARN_ENUM_CONVERSION = YES;
				CLANG_WARN_INFINITE_RECURSION = YES;
				CLANG_WARN_INT_CONVERSION = YES;
				CLANG_WARN_NON_LITERAL_NULL_CONVERSION = YES;
				CLANG_WARN_OBJC_IMPLICIT_RETAIN_SELF = YES;
				CLANG_WARN_OBJC_LITERAL_CONVERSION = YES;
				CLANG_WARN_OBJC_ROOT_CLASS = YES_ERROR;
				CLANG_WARN_RANGE_LOOP_ANALYSIS = YES;
				CLANG_WARN_STRICT_PROTOTYPES = YES;
				CLANG_WARN_SUSPICIOUS_MOVE = YES;
				CLANG_WARN_UNGUARDED_AVAILABILITY = YES_AGGRESSIVE;
				CLANG_WARN_UNREACHABLE_CODE = YES;
				CLANG_WARN__DUPLICATE_METHOD_MATCH = YES;
				CODE_SIGN_IDENTITY = "iPhone Developer";
				COPY_PHASE_STRIP = NO;
				DEBUG_INFORMATION_FORMAT = dwarf;
				ENABLE_STRICT_OBJC_MSGSEND = YES;
				ENABLE_TESTABILITY = YES;
				GCC_C_LANGUAGE_STANDARD = gnu11;
				GCC_DYNAMIC_NO_PIC = NO;
				GCC_NO_COMMON_BLOCKS = YES;
				GCC_OPTIMIZATION_LEVEL = 0;
				GCC_PREPROCESSOR_DEFINITIONS = (
					"DEBUG=1",
					"$(inherited)",
				);
				GCC_WARN_64_TO_32_BIT_CONVERSION = YES;
				GCC_WARN_ABOUT_RETURN_TYPE = YES_ERROR;
				GCC_WARN_UNDECLARED_SELECTOR = YES;
				GCC_WARN_UNINITIALIZED_AUTOS = YES_AGGRESSIVE;
				GCC_WARN_UNUSED_FUNCTION = YES;
				GCC_WARN_UNUSED_VARIABLE = YES;
				IPHONEOS_DEPLOYMENT_TARGET = 11.4;
				MTL_ENABLE_DEBUG_INFO = YES;
				ONLY_ACTIVE_ARCH = YES;
				SDKROOT = iphoneos;
				SWIFT_ACTIVE_COMPILATION_CONDITIONS = DEBUG;
				SWIFT_OPTIMIZATION_LEVEL = "-Onone";
			};
			name = Debug;
		};
		F9828240217F5F52004C8539 /* Release */ = {
			isa = XCBuildConfiguration;
			buildSettings = {
				ALWAYS_SEARCH_USER_PATHS = NO;
				CLANG_ANALYZER_NONNULL = YES;
				CLANG_ANALYZER_NUMBER_OBJECT_CONVERSION = YES_AGGRESSIVE;
				CLANG_CXX_LANGUAGE_STANDARD = "gnu++14";
				CLANG_CXX_LIBRARY = "libc++";
				CLANG_ENABLE_MODULES = YES;
				CLANG_ENABLE_OBJC_ARC = YES;
				CLANG_ENABLE_OBJC_WEAK = YES;
				CLANG_WARN_BLOCK_CAPTURE_AUTORELEASING = YES;
				CLANG_WARN_BOOL_CONVERSION = YES;
				CLANG_WARN_COMMA = YES;
				CLANG_WARN_CONSTANT_CONVERSION = YES;
				CLANG_WARN_DEPRECATED_OBJC_IMPLEMENTATIONS = YES;
				CLANG_WARN_DIRECT_OBJC_ISA_USAGE = YES_ERROR;
				CLANG_WARN_DOCUMENTATION_COMMENTS = YES;
				CLANG_WARN_EMPTY_BODY = YES;
				CLANG_WARN_ENUM_CONVERSION = YES;
				CLANG_WARN_INFINITE_RECURSION = YES;
				CLANG_WARN_INT_CONVERSION = YES;
				CLANG_WARN_NON_LITERAL_NULL_CONVERSION = YES;
				CLANG_WARN_OBJC_IMPLICIT_RETAIN_SELF = YES;
				CLANG_WARN_OBJC_LITERAL_CONVERSION = YES;
				CLANG_WARN_OBJC_ROOT_CLASS = YES_ERROR;
				CLANG_WARN_RANGE_LOOP_ANALYSIS = YES;
				CLANG_WARN_STRICT_PROTOTYPES = YES;
				CLANG_WARN_SUSPICIOUS_MOVE = YES;
				CLANG_WARN_UNGUARDED_AVAILABILITY = YES_AGGRESSIVE;
				CLANG_WARN_UNREACHABLE_CODE = YES;
				CLANG_WARN__DUPLICATE_METHOD_MATCH = YES;
				CODE_SIGN_IDENTITY = "iPhone Developer";
				COPY_PHASE_STRIP = NO;
				DEBUG_INFORMATION_FORMAT = "dwarf-with-dsym";
				ENABLE_NS_ASSERTIONS = NO;
				ENABLE_STRICT_OBJC_MSGSEND = YES;
				GCC_C_LANGUAGE_STANDARD = gnu11;
				GCC_NO_COMMON_BLOCKS = YES;
				GCC_WARN_64_TO_32_BIT_CONVERSION = YES;
				GCC_WARN_ABOUT_RETURN_TYPE = YES_ERROR;
				GCC_WARN_UNDECLARED_SELECTOR = YES;
				GCC_WARN_UNINITIALIZED_AUTOS = YES_AGGRESSIVE;
				GCC_WARN_UNUSED_FUNCTION = YES;
				GCC_WARN_UNUSED_VARIABLE = YES;
				IPHONEOS_DEPLOYMENT_TARGET = 11.4;
				MTL_ENABLE_DEBUG_INFO = NO;
				SDKROOT = iphoneos;
				SWIFT_COMPILATION_MODE = wholemodule;
				SWIFT_OPTIMIZATION_LEVEL = "-O";
				VALIDATE_PRODUCT = YES;
			};
			name = Release;
		};
		F9828242217F5F52004C8539 /* Debug */ = {
			isa = XCBuildConfiguration;
			buildSettings = {
				ASSETCATALOG_COMPILER_APPICON_NAME = AppIcon;
				CODE_SIGN_STYLE = Automatic;
				INFOPLIST_FILE = "$(SRCROOT)/GuillermoAlgorithm/Resources/Info.plist";
				LD_RUNPATH_SEARCH_PATHS = (
					"$(inherited)",
					"@executable_path/Frameworks",
				);
				PRODUCT_BUNDLE_IDENTIFIER = com.ctec.GuillermoAlgorithm;
				PRODUCT_NAME = "$(TARGET_NAME)";
				SWIFT_VERSION = 4.0;
				TARGETED_DEVICE_FAMILY = "1,2";
			};
			name = Debug;
		};
		F9828243217F5F52004C8539 /* Release */ = {
			isa = XCBuildConfiguration;
			buildSettings = {
				ASSETCATALOG_COMPILER_APPICON_NAME = AppIcon;
				CODE_SIGN_STYLE = Automatic;
				INFOPLIST_FILE = "$(SRCROOT)/GuillermoAlgorithm/Resources/Info.plist";
				LD_RUNPATH_SEARCH_PATHS = (
					"$(inherited)",
					"@executable_path/Frameworks",
				);
				PRODUCT_BUNDLE_IDENTIFIER = com.ctec.GuillermoAlgorithm;
				PRODUCT_NAME = "$(TARGET_NAME)";
				SWIFT_VERSION = 4.0;
				TARGETED_DEVICE_FAMILY = "1,2";
			};
			name = Release;
		};
/* End XCBuildConfiguration section */

/* Begin XCConfigurationList section */
		F982822A217F5F50004C8539 /* Build configuration list for PBXProject "GuillermoAlgorithm" */ = {
			isa = XCConfigurationList;
			buildConfigurations = (
				F982823F217F5F52004C8539 /* Debug */,
				F9828240217F5F52004C8539 /* Release */,
			);
			defaultConfigurationIsVisible = 0;
			defaultConfigurationName = Release;
		};
		F9828241217F5F52004C8539 /* Build configuration list for PBXNativeTarget "GuillermoAlgorithm" */ = {
			isa = XCConfigurationList;
			buildConfigurations = (
				F9828242217F5F52004C8539 /* Debug */,
				F9828243217F5F52004C8539 /* Release */,
			);
			defaultConfigurationIsVisible = 0;
			defaultConfigurationName = Release;
		};
/* End XCConfigurationList section */
	};
	rootObject = F9828227217F5F50004C8539 /* Project object */;
}
